
Microsoft Visual Studio Solution File, Format Version 12.00
# Visual Studio Version 17
VisualStudioVersion = 17.4.33213.308
MinimumVisualStudioVersion = 10.0.40219.1
Project("{FAE04EC0-301F-11D3-BF4B-00C04F79EFBC}") = "Savarankiskas", "Savarankiskas\Savarankiskas.csproj", "{7F3E4755-F43D-486D-B4DE-E1EF0003F9CD}"
EndProject
Global
	GlobalSection(SolutionConfigurationPlatforms) = preSolution
		Debug|Any CPU = Debug|Any CPU
		Release|Any CPU = Release|Any CPU
	EndGlobalSection
	GlobalSection(ProjectConfigurationPlatforms) = postSolution
		{7F3E4755-F43D-486D-B4DE-E1EF0003F9CD}.Debug|Any CPU.ActiveCfg = Debug|Any CPU
		{7F3E4755-F43D-486D-B4DE-E1EF0003F9CD}.Debug|Any CPU.Build.0 = Debug|Any CPU
		{7F3E4755-F43D-486D-B4DE-E1EF0003F9CD}.Release|Any CPU.ActiveCfg = Release|Any CPU
		{7F3E4755-F43D-486D-B4DE-E1EF0003F9CD}.Release|Any CPU.Build.0 = Release|Any CPU
	EndGlobalSection
	GlobalSection(SolutionProperties) = preSolution
		HideSolutionNode = FALSE
	EndGlobalSection
	GlobalSection(ExtensibilityGlobals) = postSolution
		SolutionGuid = {719659E1-655C-413E-9E56-16DC73C62D02}
	EndGlobalSection
EndGlobal
